
Microsoft Visual Studio Solution File, Format Version 12.00
# Visual Studio Version 16
VisualStudioVersion = 16.0.31515.178
MinimumVisualStudioVersion = 10.0.40219.1
Project("{FAE04EC0-301F-11D3-BF4B-00C04F79EFBC}") = "PasswordGeneration", "PasswordGeneration\PasswordGeneration.csproj", "{5699FF6B-6D43-4974-BA4B-3F1204D791FE}"
EndProject
Global
	GlobalSection(SolutionConfigurationPlatforms) = preSolution
		Debug|Any CPU = Debug|Any CPU
		Release|Any CPU = Release|Any CPU
	EndGlobalSection
	GlobalSection(ProjectConfigurationPlatforms) = postSolution
		{5699FF6B-6D43-4974-BA4B-3F1204D791FE}.Debug|Any CPU.ActiveCfg = Debug|Any CPU
		{5699FF6B-6D43-4974-BA4B-3F1204D791FE}.Debug|Any CPU.Build.0 = Debug|Any CPU
		{5699FF6B-6D43-4974-BA4B-3F1204D791FE}.Release|Any CPU.ActiveCfg = Release|Any CPU
		{5699FF6B-6D43-4974-BA4B-3F1204D791FE}.Release|Any CPU.Build.0 = Release|Any CPU
	EndGlobalSection
	GlobalSection(SolutionProperties) = preSolution
		HideSolutionNode = FALSE
	EndGlobalSection
	GlobalSection(ExtensibilityGlobals) = postSolution
		SolutionGuid = {21FF30EA-9B80-4425-88DD-59C413B144D3}
	EndGlobalSection
EndGlobal
